
Microsoft Visual Studio Solution File, Format Version 12.00
# Visual Studio Version 16
VisualStudioVersion = 16.0.29920.165
MinimumVisualStudioVersion = 10.0.40219.1
Project("{FAE04EC0-301F-11D3-BF4B-00C04F79EFBC}") = "FavColorNumber", "FavColorNumber.csproj", "{82703D4B-F028-4ACA-8235-C957369151B0}"
EndProject
Global
	GlobalSection(SolutionConfigurationPlatforms) = preSolution
		Debug|Any CPU = Debug|Any CPU
		Release|Any CPU = Release|Any CPU
	EndGlobalSection
	GlobalSection(ProjectConfigurationPlatforms) = postSolution
		{82703D4B-F028-4ACA-8235-C957369151B0}.Debug|Any CPU.ActiveCfg = Debug|Any CPU
		{82703D4B-F028-4ACA-8235-C957369151B0}.Debug|Any CPU.Build.0 = Debug|Any CPU
		{82703D4B-F028-4ACA-8235-C957369151B0}.Release|Any CPU.ActiveCfg = Release|Any CPU
		{82703D4B-F028-4ACA-8235-C957369151B0}.Release|Any CPU.Build.0 = Release|Any CPU
	EndGlobalSection
	GlobalSection(SolutionProperties) = preSolution
		HideSolutionNode = FALSE
	EndGlobalSection
	GlobalSection(ExtensibilityGlobals) = postSolution
		SolutionGuid = {16C47ACE-96AB-4295-AC68-7411D2FBD6E7}
	EndGlobalSection
EndGlobal
